
Microsoft Visual Studio Solution File, Format Version 12.00
# Visual Studio Version 17
VisualStudioVersion = 17.0.31919.166
MinimumVisualStudioVersion = 10.0.40219.1
Project("{2150E333-8FDC-42A3-9474-1A3956D46DE8}") = "DefaultProjects", "DefaultProjects", "{92F8AEDF-78C9-4BD1-8B43-B07DEE29071E}"
EndProject
Project("{2150E333-8FDC-42A3-9474-1A3956D46DE8}") = "NETCoreProjects_NET6", "NETCoreProjects_NET6", "{3EE4A584-7DDD-4028-A319-3CACE4752556}"
EndProject
Project("{9A19103F-16F7-4668-BE54-9A1E7A4F7556}") = "ASPNETCoreEmpty_DefautProject", "ASPNETCoreEmpty_DefautProject\ASPNETCoreEmpty_DefautProject.csproj", "{6F5FF8B5-3A6E-4D14-BA0C-D3FA66B054A7}"
EndProject
Project("{9A19103F-16F7-4668-BE54-9A1E7A4F7556}") = "RazorPageDefaultProject", "RazorPageDefaultProject\RazorPageDefaultProject.csproj", "{C66F60F5-F1A7-4061-8520-5A40C7E6B9CD}"
EndProject
Project("{9A19103F-16F7-4668-BE54-9A1E7A4F7556}") = "MVCDefaultProject.cs", "MVCDefaultProject.cs\MVCDefaultProject.cs.csproj", "{6999FC80-DA76-49DF-94F7-2A6060182996}"
EndProject
Project("{9A19103F-16F7-4668-BE54-9A1E7A4F7556}") = "WebAPIDefaultProject", "WebAPIDefaultProject\WebAPIDefaultProject.csproj", "{A56A43B3-E848-42D9-B22D-6DE26D1E9E85}"
EndProject
Project("{9A19103F-16F7-4668-BE54-9A1E7A4F7556}") = "BlazorAppDefaultProject", "BlazorAppDefaultProject\BlazorAppDefaultProject.csproj", "{3CFBCF0F-3E1B-467D-93AB-92C209BEAA48}"
EndProject
Project("{2150E333-8FDC-42A3-9474-1A3956D46DE8}") = "NET48Projects", "NET48Projects", "{D83AE48D-3754-4400-B02E-3859344D6B37}"
EndProject
Project("{FAE04EC0-301F-11D3-BF4B-00C04F79EFBC}") = "MVCNET48Default", "MVCNET48Default\MVCNET48Default.csproj", "{50AC4A33-6B0A-4259-A17E-39C922DE4F79}"
EndProject
Project("{FAE04EC0-301F-11D3-BF4B-00C04F79EFBC}") = "WebFormDefaultProject", "WebFormDefaultProject\WebFormDefaultProject.csproj", "{2FA33A9C-CB1A-41B2-9347-7D36DC419BB3}"
EndProject
Project("{2150E333-8FDC-42A3-9474-1A3956D46DE8}") = "NETCoreProjects_NET5", "NETCoreProjects_NET5", "{3D7B2EB7-6392-4867-8292-897EA02B2117}"
EndProject
Project("{9A19103F-16F7-4668-BE54-9A1E7A4F7556}") = "RazorPageInNET5", "RazorPageInNET5\RazorPageInNET5.csproj", "{BFAFEC63-F30C-469A-A1DA-CD6853872CC9}"
EndProject
Project("{2150E333-8FDC-42A3-9474-1A3956D46DE8}") = "DependencyInversion", "DependencyInversion", "{EAEDBC0F-E013-4E58-8957-0158B6D594E7}"
EndProject
Project("{9A19103F-16F7-4668-BE54-9A1E7A4F7556}") = "001_SOLID_DependencyInversion", "SOLID_DependencyInversion\001_SOLID_DependencyInversion.csproj", "{BB184BED-A75F-4515-8C60-E6307EACEFA5}"
EndProject
Project("{9A19103F-16F7-4668-BE54-9A1E7A4F7556}") = "002_DependencyInjectionSample", "DependencyInjectionSample\002_DependencyInjectionSample.csproj", "{EFAF03E8-5535-4605-A442-90BDCF21437A}"
EndProject
Project("{9A19103F-16F7-4668-BE54-9A1E7A4F7556}") = "ASPNETCORE_RazorPage_DISample", "ASPNETCORE_RazorPage_DISample\ASPNETCORE_RazorPage_DISample.csproj", "{9932FC9E-3CAD-47B8-AE89-7DC70765F63D}"
EndProject
Project("{9A19103F-16F7-4668-BE54-9A1E7A4F7556}") = "DIScopeVsTransientVsSingletonSample", "DIScopeVsTransientVsSingletonSample\DIScopeVsTransientVsSingletonSample.csproj", "{E8CDA5FB-EDB0-4BFC-83A2-0936C3F6284E}"
EndProject
Project("{2150E333-8FDC-42A3-9474-1A3956D46DE8}") = "Konfiguration", "Konfiguration", "{D6479C33-1251-47D6-96EF-72B4C1533A1B}"
EndProject
Project("{9A19103F-16F7-4668-BE54-9A1E7A4F7556}") = "RazorPage_Konfiguration_Samples", "RazorPage_Konfiguration_Samples\RazorPage_Konfiguration_Samples.csproj", "{0565476F-872C-4690-BE8B-34E3164CBAB5}"
EndProject
Project("{2150E333-8FDC-42A3-9474-1A3956D46DE8}") = "Solution Items", "Solution Items", "{FE9DB28D-B4D3-424D-B867-6AA20EA273AE}"
	ProjectSection(SolutionItems) = preProject
		..\Agenda.md = ..\Agenda.md
	EndProjectSection
EndProject
Project("{2150E333-8FDC-42A3-9474-1A3956D46DE8}") = "Logging", "Logging", "{4BAD803F-3296-436A-B565-5CF97CFE4157}"
EndProject
Project("{9A19103F-16F7-4668-BE54-9A1E7A4F7556}") = "LoggingSamples", "LoggingSamples\LoggingSamples.csproj", "{E5AEACEB-7A4C-4131-B0B1-4E3936BAE8C0}"
EndProject
Project("{2150E333-8FDC-42A3-9474-1A3956D46DE8}") = "LayoutAndFormulars", "LayoutAndFormulars", "{F1BF07D8-14F2-4350-8DB9-BC8F0E01E391}"
EndProject
Project("{9A19103F-16F7-4668-BE54-9A1E7A4F7556}") = "RazorPageLayoutFormularSamples", "RazorPageLayoutFormularSamples\RazorPageLayoutFormularSamples.csproj", "{024A0B2B-74C1-4F91-96CF-F7D982DF9BAB}"
EndProject
Global
	GlobalSection(SolutionConfigurationPlatforms) = preSolution
		Debug|Any CPU = Debug|Any CPU
		Release|Any CPU = Release|Any CPU
	EndGlobalSection
	GlobalSection(ProjectConfigurationPlatforms) = postSolution
		{6F5FF8B5-3A6E-4D14-BA0C-D3FA66B054A7}.Debug|Any CPU.ActiveCfg = Debug|Any CPU
		{6F5FF8B5-3A6E-4D14-BA0C-D3FA66B054A7}.Debug|Any CPU.Build.0 = Debug|Any CPU
		{6F5FF8B5-3A6E-4D14-BA0C-D3FA66B054A7}.Release|Any CPU.ActiveCfg = Release|Any CPU
		{6F5FF8B5-3A6E-4D14-BA0C-D3FA66B054A7}.Release|Any CPU.Build.0 = Release|Any CPU
		{C66F60F5-F1A7-4061-8520-5A40C7E6B9CD}.Debug|Any CPU.ActiveCfg = Debug|Any CPU
		{C66F60F5-F1A7-4061-8520-5A40C7E6B9CD}.Debug|Any CPU.Build.0 = Debug|Any CPU
		{C66F60F5-F1A7-4061-8520-5A40C7E6B9CD}.Release|Any CPU.ActiveCfg = Release|Any CPU
		{C66F60F5-F1A7-4061-8520-5A40C7E6B9CD}.Release|Any CPU.Build.0 = Release|Any CPU
		{6999FC80-DA76-49DF-94F7-2A6060182996}.Debug|Any CPU.ActiveCfg = Debug|Any CPU
		{6999FC80-DA76-49DF-94F7-2A6060182996}.Debug|Any CPU.Build.0 = Debug|Any CPU
		{6999FC80-DA76-49DF-94F7-2A6060182996}.Release|Any CPU.ActiveCfg = Release|Any CPU
		{6999FC80-DA76-49DF-94F7-2A6060182996}.Release|Any CPU.Build.0 = Release|Any CPU
		{A56A43B3-E848-42D9-B22D-6DE26D1E9E85}.Debug|Any CPU.ActiveCfg = Debug|Any CPU
		{A56A43B3-E848-42D9-B22D-6DE26D1E9E85}.Debug|Any CPU.Build.0 = Debug|Any CPU
		{A56A43B3-E848-42D9-B22D-6DE26D1E9E85}.Release|Any CPU.ActiveCfg = Release|Any CPU
		{A56A43B3-E848-42D9-B22D-6DE26D1E9E85}.Release|Any CPU.Build.0 = Release|Any CPU
		{3CFBCF0F-3E1B-467D-93AB-92C209BEAA48}.Debug|Any CPU.ActiveCfg = Debug|Any CPU
		{3CFBCF0F-3E1B-467D-93AB-92C209BEAA48}.Debug|Any CPU.Build.0 = Debug|Any CPU
		{3CFBCF0F-3E1B-467D-93AB-92C209BEAA48}.Release|Any CPU.ActiveCfg = Release|Any CPU
		{3CFBCF0F-3E1B-467D-93AB-92C209BEAA48}.Release|Any CPU.Build.0 = Release|Any CPU
		{50AC4A33-6B0A-4259-A17E-39C922DE4F79}.Debug|Any CPU.ActiveCfg = Debug|Any CPU
		{50AC4A33-6B0A-4259-A17E-39C922DE4F79}.Debug|Any CPU.Build.0 = Debug|Any CPU
		{50AC4A33-6B0A-4259-A17E-39C922DE4F79}.Release|Any CPU.ActiveCfg = Release|Any CPU
		{50AC4A33-6B0A-4259-A17E-39C922DE4F79}.Release|Any CPU.Build.0 = Release|Any CPU
		{2FA33A9C-CB1A-41B2-9347-7D36DC419BB3}.Debug|Any CPU.ActiveCfg = Debug|Any CPU
		{2FA33A9C-CB1A-41B2-9347-7D36DC419BB3}.Debug|Any CPU.Build.0 = Debug|Any CPU
		{2FA33A9C-CB1A-41B2-9347-7D36DC419BB3}.Release|Any CPU.ActiveCfg = Release|Any CPU
		{2FA33A9C-CB1A-41B2-9347-7D36DC419BB3}.Release|Any CPU.Build.0 = Release|Any CPU
		{BFAFEC63-F30C-469A-A1DA-CD6853872CC9}.Debug|Any CPU.ActiveCfg = Debug|Any CPU
		{BFAFEC63-F30C-469A-A1DA-CD6853872CC9}.Debug|Any CPU.Build.0 = Debug|Any CPU
		{BFAFEC63-F30C-469A-A1DA-CD6853872CC9}.Release|Any CPU.ActiveCfg = Release|Any CPU
		{BFAFEC63-F30C-469A-A1DA-CD6853872CC9}.Release|Any CPU.Build.0 = Release|Any CPU
		{BB184BED-A75F-4515-8C60-E6307EACEFA5}.Debug|Any CPU.ActiveCfg = Debug|Any CPU
		{BB184BED-A75F-4515-8C60-E6307EACEFA5}.Debug|Any CPU.Build.0 = Debug|Any CPU
		{BB184BED-A75F-4515-8C60-E6307EACEFA5}.Release|Any CPU.ActiveCfg = Release|Any CPU
		{BB184BED-A75F-4515-8C60-E6307EACEFA5}.Release|Any CPU.Build.0 = Release|Any CPU
		{EFAF03E8-5535-4605-A442-90BDCF21437A}.Debug|Any CPU.ActiveCfg = Debug|Any CPU
		{EFAF03E8-5535-4605-A442-90BDCF21437A}.Debug|Any CPU.Build.0 = Debug|Any CPU
		{EFAF03E8-5535-4605-A442-90BDCF21437A}.Release|Any CPU.ActiveCfg = Release|Any CPU
		{EFAF03E8-5535-4605-A442-90BDCF21437A}.Release|Any CPU.Build.0 = Release|Any CPU
		{9932FC9E-3CAD-47B8-AE89-7DC70765F63D}.Debug|Any CPU.ActiveCfg = Debug|Any CPU
		{9932FC9E-3CAD-47B8-AE89-7DC70765F63D}.Debug|Any CPU.Build.0 = Debug|Any CPU
		{9932FC9E-3CAD-47B8-AE89-7DC70765F63D}.Release|Any CPU.ActiveCfg = Release|Any CPU
		{9932FC9E-3CAD-47B8-AE89-7DC70765F63D}.Release|Any CPU.Build.0 = Release|Any CPU
		{E8CDA5FB-EDB0-4BFC-83A2-0936C3F6284E}.Debug|Any CPU.ActiveCfg = Debug|Any CPU
		{E8CDA5FB-EDB0-4BFC-83A2-0936C3F6284E}.Debug|Any CPU.Build.0 = Debug|Any CPU
		{E8CDA5FB-EDB0-4BFC-83A2-0936C3F6284E}.Release|Any CPU.ActiveCfg = Release|Any CPU
		{E8CDA5FB-EDB0-4BFC-83A2-0936C3F6284E}.Release|Any CPU.Build.0 = Release|Any CPU
		{0565476F-872C-4690-BE8B-34E3164CBAB5}.Debug|Any CPU.ActiveCfg = Debug|Any CPU
		{0565476F-872C-4690-BE8B-34E3164CBAB5}.Debug|Any CPU.Build.0 = Debug|Any CPU
		{0565476F-872C-4690-BE8B-34E3164CBAB5}.Release|Any CPU.ActiveCfg = Release|Any CPU
		{0565476F-872C-4690-BE8B-34E3164CBAB5}.Release|Any CPU.Build.0 = Release|Any CPU
		{E5AEACEB-7A4C-4131-B0B1-4E3936BAE8C0}.Debug|Any CPU.ActiveCfg = Debug|Any CPU
		{E5AEACEB-7A4C-4131-B0B1-4E3936BAE8C0}.Debug|Any CPU.Build.0 = Debug|Any CPU
		{E5AEACEB-7A4C-4131-B0B1-4E3936BAE8C0}.Release|Any CPU.ActiveCfg = Release|Any CPU
		{E5AEACEB-7A4C-4131-B0B1-4E3936BAE8C0}.Release|Any CPU.Build.0 = Release|Any CPU
		{024A0B2B-74C1-4F91-96CF-F7D982DF9BAB}.Debug|Any CPU.ActiveCfg = Debug|Any CPU
		{024A0B2B-74C1-4F91-96CF-F7D982DF9BAB}.Debug|Any CPU.Build.0 = Debug|Any CPU
		{024A0B2B-74C1-4F91-96CF-F7D982DF9BAB}.Release|Any CPU.ActiveCfg = Release|Any CPU
		{024A0B2B-74C1-4F91-96CF-F7D982DF9BAB}.Release|Any CPU.Build.0 = Release|Any CPU
	EndGlobalSection
	GlobalSection(SolutionProperties) = preSolution
		HideSolutionNode = FALSE
	EndGlobalSection
	GlobalSection(NestedProjects) = preSolution
		{3EE4A584-7DDD-4028-A319-3CACE4752556} = {92F8AEDF-78C9-4BD1-8B43-B07DEE29071E}
		{6F5FF8B5-3A6E-4D14-BA0C-D3FA66B054A7} = {3EE4A584-7DDD-4028-A319-3CACE4752556}
		{C66F60F5-F1A7-4061-8520-5A40C7E6B9CD} = {3EE4A584-7DDD-4028-A319-3CACE4752556}
		{6999FC80-DA76-49DF-94F7-2A6060182996} = {3EE4A584-7DDD-4028-A319-3CACE4752556}
		{A56A43B3-E848-42D9-B22D-6DE26D1E9E85} = {3EE4A584-7DDD-4028-A319-3CACE4752556}
		{3CFBCF0F-3E1B-467D-93AB-92C209BEAA48} = {3EE4A584-7DDD-4028-A319-3CACE4752556}
		{D83AE48D-3754-4400-B02E-3859344D6B37} = {92F8AEDF-78C9-4BD1-8B43-B07DEE29071E}
		{50AC4A33-6B0A-4259-A17E-39C922DE4F79} = {D83AE48D-3754-4400-B02E-3859344D6B37}
		{2FA33A9C-CB1A-41B2-9347-7D36DC419BB3} = {D83AE48D-3754-4400-B02E-3859344D6B37}
		{3D7B2EB7-6392-4867-8292-897EA02B2117} = {92F8AEDF-78C9-4BD1-8B43-B07DEE29071E}
		{BFAFEC63-F30C-469A-A1DA-CD6853872CC9} = {3D7B2EB7-6392-4867-8292-897EA02B2117}
		{BB184BED-A75F-4515-8C60-E6307EACEFA5} = {EAEDBC0F-E013-4E58-8957-0158B6D594E7}
		{EFAF03E8-5535-4605-A442-90BDCF21437A} = {EAEDBC0F-E013-4E58-8957-0158B6D594E7}
		{9932FC9E-3CAD-47B8-AE89-7DC70765F63D} = {EAEDBC0F-E013-4E58-8957-0158B6D594E7}
		{E8CDA5FB-EDB0-4BFC-83A2-0936C3F6284E} = {EAEDBC0F-E013-4E58-8957-0158B6D594E7}
		{0565476F-872C-4690-BE8B-34E3164CBAB5} = {D6479C33-1251-47D6-96EF-72B4C1533A1B}
		{E5AEACEB-7A4C-4131-B0B1-4E3936BAE8C0} = {4BAD803F-3296-436A-B565-5CF97CFE4157}
		{024A0B2B-74C1-4F91-96CF-F7D982DF9BAB} = {F1BF07D8-14F2-4350-8DB9-BC8F0E01E391}
	EndGlobalSection
	GlobalSection(ExtensibilityGlobals) = postSolution
		SolutionGuid = {9C31FBFA-3444-42DD-A402-4A42446D7378}
	EndGlobalSection
EndGlobal
